
Microsoft Visual Studio Solution File, Format Version 12.00
# Visual Studio Version 17
VisualStudioVersion = 17.8.34330.188
MinimumVisualStudioVersion = 10.0.40219.1
Project("{FAE04EC0-301F-11D3-BF4B-00C04F79EFBC}") = "Portfolio", "Portfolio.csproj", "{F12833D3-4A3F-405A-97D2-A9970865BD6C}"
EndProject
Global
	GlobalSection(SolutionConfigurationPlatforms) = preSolution
		Debug|Any CPU = Debug|Any CPU
		Release|Any CPU = Release|Any CPU
	EndGlobalSection
	GlobalSection(ProjectConfigurationPlatforms) = postSolution
		{F12833D3-4A3F-405A-97D2-A9970865BD6C}.Debug|Any CPU.ActiveCfg = Debug|Any CPU
		{F12833D3-4A3F-405A-97D2-A9970865BD6C}.Debug|Any CPU.Build.0 = Debug|Any CPU
		{F12833D3-4A3F-405A-97D2-A9970865BD6C}.Release|Any CPU.ActiveCfg = Release|Any CPU
		{F12833D3-4A3F-405A-97D2-A9970865BD6C}.Release|Any CPU.Build.0 = Release|Any CPU
	EndGlobalSection
	GlobalSection(SolutionProperties) = preSolution
		HideSolutionNode = FALSE
	EndGlobalSection
	GlobalSection(ExtensibilityGlobals) = postSolution
		SolutionGuid = {2BE001E9-0C79-4FD7-AC34-B673D7B3BFD3}
	EndGlobalSection
EndGlobal
